// !$*UTF8*$!
{
	archiveVersion = 1;
	classes = {
	};
	objectVersion = 46;
	objects = {

/* Begin PBXBuildFile section */
		AC7CD7A01B0DD2AC000BE085 /* AppDelegate.swift in Sources */ = {isa = PBXBuildFile; fileRef = AC7CD79F1B0DD2AC000BE085 /* AppDelegate.swift */; };
		AC7CD7A21B0DD2AC000BE085 /* ViewController.swift in Sources */ = {isa = PBXBuildFile; fileRef = AC7CD7A11B0DD2AC000BE085 /* ViewController.swift */; };
		AC7CD7A51B0DD2AC000BE085 /* Main.storyboard in Resources */ = {isa = PBXBuildFile; fileRef = AC7CD7A31B0DD2AC000BE085 /* Main.storyboard */; };
		AC7CD7A71B0DD2AC000BE085 /* Images.xcassets in Resources */ = {isa = PBXBuildFile; fileRef = AC7CD7A61B0DD2AC000BE085 /* Images.xcassets */; };
		AC7CD7AA1B0DD2AC000BE085 /* LaunchScreen.xib in Resources */ = {isa = PBXBuildFile; fileRef = AC7CD7A81B0DD2AC000BE085 /* LaunchScreen.xib */; };
		AC7CD7B61B0DD2AC000BE085 /* NewsAPPTests.swift in Sources */ = {isa = PBXBuildFile; fileRef = AC7CD7B51B0DD2AC000BE085 /* NewsAPPTests.swift */; };
/* End PBXBuildFile section */

/* Begin PBXContainerItemProxy section */
		AC7CD7B01B0DD2AC000BE085 /* PBXContainerItemProxy */ = {
			isa = PBXContainerItemProxy;
			containerPortal = AC7CD7921B0DD2AC000BE085 /* Project object */;
			proxyType = 1;
			remoteGlobalIDString = AC7CD7991B0DD2AC000BE085;
			remoteInfo = NewsAPP;
		};
/* End PBXContainerItemProxy section */

/* Begin PBXFileReference section */
		AC7CD79A1B0DD2AC000BE085 /* NewsAPP.app */ = {isa = PBXFileReference; explicitFileType = wrapper.application; includeInIndex = 0; path = NewsAPP.app; sourceTree = BUILT_PRODUCTS_DIR; };
		AC7CD79E1B0DD2AC000BE085 /* Info.plist */ = {isa = PBXFileReference; lastKnownFileType = text.plist.xml; path = Info.plist; sourceTree = "<group>"; };
		AC7CD79F1B0DD2AC000BE085 /* AppDelegate.swift */ = {isa = PBXFileReference; lastKnownFileType = sourcecode.swift; path = AppDelegate.swift; sourceTree = "<group>"; };
		AC7CD7A11B0DD2AC000BE085 /* ViewController.swift */ = {isa = PBXFileReference; lastKnownFileType = sourcecode.swift; path = ViewController.swift; sourceTree = "<group>"; };
		AC7CD7A41B0DD2AC000BE085 /* Base */ = {isa = PBXFileReference; lastKnownFileType = file.storyboard; name = Base; path = Base.lproj/Main.storyboard; sourceTree = "<group>"; };
		AC7CD7A61B0DD2AC000BE085 /* Images.xcassets */ = {isa = PBXFileReference; lastKnownFileType = folder.assetcatalog; path = Images.xcassets; sourceTree = "<group>"; };
		AC7CD7A91B0DD2AC000BE085 /* Base */ = {isa = PBXFileReference; lastKnownFileType = file.xib; name = Base; path = Base.lproj/LaunchScreen.xib; sourceTree = "<group>"; };
		AC7CD7AF1B0DD2AC000BE085 /* NewsAPPTests.xctest */ = {isa = PBXFileReference; explicitFileType = wrapper.cfbundle; includeInIndex = 0; path = NewsAPPTests.xctest; sourceTree = BUILT_PRODUCTS_DIR; };
		AC7CD7B41B0DD2AC000BE085 /* Info.plist */ = {isa = PBXFileReference; lastKnownFileType = text.plist.xml; path = Info.plist; sourceTree = "<group>"; };
		AC7CD7B51B0DD2AC000BE085 /* NewsAPPTests.swift */ = {isa = PBXFileReference; lastKnownFileType = sourcecode.swift; path = NewsAPPTests.swift; sourceTree = "<group>"; };
/* End PBXFileReference section */

/* Begin PBXFrameworksBuildPhase section */
		AC7CD7971B0DD2AC000BE085 /* Frameworks */ = {
			isa = PBXFrameworksBuildPhase;
			buildActionMask = 2147483647;
			files = (
			);
			runOnlyForDeploymentPostprocessing = 0;
		};
		AC7CD7AC1B0DD2AC000BE085 /* Frameworks */ = {
			isa = PBXFrameworksBuildPhase;
			buildActionMask = 2147483647;
			files = (
			);
			runOnlyForDeploymentPostprocessing = 0;
		};
/* End PBXFrameworksBuildPhase section */

/* Begin PBXGroup section */
		AC7CD7911B0DD2AC000BE085 = {
			isa = PBXGroup;
			children = (
				AC7CD79C1B0DD2AC000BE085 /* NewsAPP */,
				AC7CD7B21B0DD2AC000BE085 /* NewsAPPTests */,
				AC7CD79B1B0DD2AC000BE085 /* Products */,
			);
			sourceTree = "<group>";
		};
		AC7CD79B1B0DD2AC000BE085 /* Products */ = {
			isa = PBXGroup;
			children = (
				AC7CD79A1B0DD2AC000BE085 /* NewsAPP.app */,
				AC7CD7AF1B0DD2AC000BE085 /* NewsAPPTests.xctest */,
			);
			name = Products;
			sourceTree = "<group>";
		};
		AC7CD79C1B0DD2AC000BE085 /* NewsAPP */ = {
			isa = PBXGroup;
			children = (
				AC7CD79F1B0DD2AC000BE085 /* AppDelegate.swift */,
				AC7CD7A11B0DD2AC000BE085 /* ViewController.swift */,
				AC7CD7A31B0DD2AC000BE085 /* Main.storyboard */,
				AC7CD7A61B0DD2AC000BE085 /* Images.xcassets */,
				AC7CD7A81B0DD2AC000BE085 /* LaunchScreen.xib */,
				AC7CD79D1B0DD2AC000BE085 /* Supporting Files */,
			);
			path = NewsAPP;
			sourceTree = "<group>";
		};
		AC7CD79D1B0DD2AC000BE085 /* Supporting Files */ = {
			isa = PBXGroup;
			children = (
				AC7CD79E1B0DD2AC000BE085 /* Info.plist */,
			);
			name = "Supporting Files";
			sourceTree = "<group>";
		};
		AC7CD7B21B0DD2AC000BE085 /* NewsAPPTests */ = {
			isa = PBXGroup;
			children = (
				AC7CD7B51B0DD2AC000BE085 /* NewsAPPTests.swift */,
				AC7CD7B31B0DD2AC000BE085 /* Supporting Files */,
			);
			path = NewsAPPTests;
			sourceTree = "<group>";
		};
		AC7CD7B31B0DD2AC000BE085 /* Supporting Files */ = {
			isa = PBXGroup;
			children = (
				AC7CD7B41B0DD2AC000BE085 /* Info.plist */,
			);
			name = "Supporting Files";
			sourceTree = "<group>";
		};
/* End PBXGroup section */

/* Begin PBXNativeTarget section */
		AC7CD7991B0DD2AC000BE085 /* NewsAPP */ = {
			isa = PBXNativeTarget;
			buildConfigurationList = AC7CD7B91B0DD2AC000BE085 /* Build configuration list for PBXNativeTarget "NewsAPP" */;
			buildPhases = (
				AC7CD7961B0DD2AC000BE085 /* Sources */,
				AC7CD7971B0DD2AC000BE085 /* Frameworks */,
				AC7CD7981B0DD2AC000BE085 /* Resources */,
			);
			buildRules = (
			);
			dependencies = (
			);
			name = NewsAPP;
			productName = NewsAPP;
			productReference = AC7CD79A1B0DD2AC000BE085 /* NewsAPP.app */;
			productType = "com.apple.product-type.application";
		};
		AC7CD7AE1B0DD2AC000BE085 /* NewsAPPTests */ = {
			isa = PBXNativeTarget;
			buildConfigurationList = AC7CD7BC1B0DD2AC000BE085 /* Build configuration list for PBXNativeTarget "NewsAPPTests" */;
			buildPhases = (
				AC7CD7AB1B0DD2AC000BE085 /* Sources */,
				AC7CD7AC1B0DD2AC000BE085 /* Frameworks */,
				AC7CD7AD1B0DD2AC000BE085 /* Resources */,
			);
			buildRules = (
			);
			dependencies = (
				AC7CD7B11B0DD2AC000BE085 /* PBXTargetDependency */,
			);
			name = NewsAPPTests;
			productName = NewsAPPTests;
			productReference = AC7CD7AF1B0DD2AC000BE085 /* NewsAPPTests.xctest */;
			productType = "com.apple.product-type.bundle.unit-test";
		};
/* End PBXNativeTarget section */

/* Begin PBXProject section */
		AC7CD7921B0DD2AC000BE085 /* Project object */ = {
			isa = PBXProject;
			attributes = {
				LastUpgradeCheck = 0630;
				ORGANIZATIONNAME = LUOKEFENG;
				TargetAttributes = {
					AC7CD7991B0DD2AC000BE085 = {
						CreatedOnToolsVersion = 6.3.1;
					};
					AC7CD7AE1B0DD2AC000BE085 = {
						CreatedOnToolsVersion = 6.3.1;
						TestTargetID = AC7CD7991B0DD2AC000BE085;
					};
				};
			};
			buildConfigurationList = AC7CD7951B0DD2AC000BE085 /* Build configuration list for PBXProject "NewsAPP" */;
			compatibilityVersion = "Xcode 3.2";
			developmentRegion = English;
			hasScannedForEncodings = 0;
			knownRegions = (
				en,
				Base,
			);
			mainGroup = AC7CD7911B0DD2AC000BE085;
			productRefGroup = AC7CD79B1B0DD2AC000BE085 /* Products */;
			projectDirPath = "";
			projectRoot = "";
			targets = (
				AC7CD7991B0DD2AC000BE085 /* NewsAPP */,
				AC7CD7AE1B0DD2AC000BE085 /* NewsAPPTests */,
			);
		};
/* End PBXProject section */

/* Begin PBXResourcesBuildPhase section */
		AC7CD7981B0DD2AC000BE085 /* Resources */ = {
			isa = PBXResourcesBuildPhase;
			buildActionMask = 2147483647;
			files = (
				AC7CD7A51B0DD2AC000BE085 /* Main.storyboard in Resources */,
				AC7CD7AA1B0DD2AC000BE085 /* LaunchScreen.xib in Resources */,
				AC7CD7A71B0DD2AC000BE085 /* Images.xcassets in Resources */,
			);
			runOnlyForDeploymentPostprocessing = 0;
		};
		AC7CD7AD1B0DD2AC000BE085 /* Resources */ = {
			isa = PBXResourcesBuildPhase;
			buildActionMask = 2147483647;
			files = (
			);
			runOnlyForDeploymentPostprocessing = 0;
		};
/* End PBXResourcesBuildPhase section */

/* Begin PBXSourcesBuildPhase section */
		AC7CD7961B0DD2AC000BE085 /* Sources */ = {
			isa = PBXSourcesBuildPhase;
			buildActionMask = 2147483647;
			files = (
				AC7CD7A21B0DD2AC000BE085 /* ViewController.swift in Sources */,
				AC7CD7A01B0DD2AC000BE085 /* AppDelegate.swift in Sources */,
			);
			runOnlyForDeploymentPostprocessing = 0;
		};
		AC7CD7AB1B0DD2AC000BE085 /* Sources */ = {
			isa = PBXSourcesBuildPhase;
			buildActionMask = 2147483647;
			files = (
				AC7CD7B61B0DD2AC000BE085 /* NewsAPPTests.swift in Sources */,
			);
			runOnlyForDeploymentPostprocessing = 0;
		};
/* End PBXSourcesBuildPhase section */

/* Begin PBXTargetDependency section */
		AC7CD7B11B0DD2AC000BE085 /* PBXTargetDependency */ = {
			isa = PBXTargetDependency;
			target = AC7CD7991B0DD2AC000BE085 /* NewsAPP */;
			targetProxy = AC7CD7B01B0DD2AC000BE085 /* PBXContainerItemProxy */;
		};
/* End PBXTargetDependency section */

/* Begin PBXVariantGroup section */
		AC7CD7A31B0DD2AC000BE085 /* Main.storyboard */ = {
			isa = PBXVariantGroup;
			children = (
				AC7CD7A41B0DD2AC000BE085 /* Base */,
			);
			name = Main.storyboard;
			sourceTree = "<group>";
		};
		AC7CD7A81B0DD2AC000BE085 /* LaunchScreen.xib */ = {
			isa = PBXVariantGroup;
			children = (
				AC7CD7A91B0DD2AC000BE085 /* Base */,
			);
			name = LaunchScreen.xib;
			sourceTree = "<group>";
		};
/* End PBXVariantGroup section */

/* Begin XCBuildConfiguration section */
		AC7CD7B71B0DD2AC000BE085 /* Debug */ = {
			isa = XCBuildConfiguration;
			buildSettings = {
				ALWAYS_SEARCH_USER_PATHS = NO;
				CLANG_CXX_LANGUAGE_STANDARD = "gnu++0x";
				CLANG_CXX_LIBRARY = "libc++";
				CLANG_ENABLE_MODULES = YES;
				CLANG_ENABLE_OBJC_ARC = YES;
				CLANG_WARN_BOOL_CONVERSION = YES;
				CLANG_WARN_CONSTANT_CONVERSION = YES;
				CLANG_WARN_DIRECT_OBJC_ISA_USAGE = YES_ERROR;
				CLANG_WARN_EMPTY_BODY = YES;
				CLANG_WARN_ENUM_CONVERSION = YES;
				CLANG_WARN_INT_CONVERSION = YES;
				CLANG_WARN_OBJC_ROOT_CLASS = YES_ERROR;
				CLANG_WARN_UNREACHABLE_CODE = YES;
				CLANG_WARN__DUPLICATE_METHOD_MATCH = YES;
				"CODE_SIGN_IDENTITY[sdk=iphoneos*]" = "iPhone Developer";
				COPY_PHASE_STRIP = NO;
				DEBUG_INFORMATION_FORMAT = "dwarf-with-dsym";
				ENABLE_STRICT_OBJC_MSGSEND = YES;
				GCC_C_LANGUAGE_STANDARD = gnu99;
				GCC_DYNAMIC_NO_PIC = NO;
				GCC_NO_COMMON_BLOCKS = YES;
				GCC_OPTIMIZATION_LEVEL = 0;
				GCC_PREPROCESSOR_DEFINITIONS = (
					"DEBUG=1",
					"$(inherited)",
				);
				GCC_SYMBOLS_PRIVATE_EXTERN = NO;
				GCC_WARN_64_TO_32_BIT_CONVERSION = YES;
				GCC_WARN_ABOUT_RETURN_TYPE = YES_ERROR;
				GCC_WARN_UNDECLARED_SELECTOR = YES;
				GCC_WARN_UNINITIALIZED_AUTOS = YES_AGGRESSIVE;
				GCC_WARN_UNUSED_FUNCTION = YES;
				GCC_WARN_UNUSED_VARIABLE = YES;
				IPHONEOS_DEPLOYMENT_TARGET = 8.3;
				MTL_ENABLE_DEBUG_INFO = YES;
				ONLY_ACTIVE_ARCH = YES;
				SDKROOT = iphoneos;
				SWIFT_OPTIMIZATION_LEVEL = "-Onone";
			};
			name = Debug;
		};
		AC7CD7B81B0DD2AC000BE085 /* Release */ = {
			isa = XCBuildConfiguration;
			buildSettings = {
				ALWAYS_SEARCH_USER_PATHS = NO;
				CLANG_CXX_LANGUAGE_STANDARD = "gnu++0x";
				CLANG_CXX_LIBRARY = "libc++";
				CLANG_ENABLE_MODULES = YES;
				CLANG_ENABLE_OBJC_ARC = YES;
				CLANG_WARN_BOOL_CONVERSION = YES;
				CLANG_WARN_CONSTANT_CONVERSION = YES;
				CLANG_WARN_DIRECT_OBJC_ISA_USAGE = YES_ERROR;
				CLANG_WARN_EMPTY_BODY = YES;
				CLANG_WARN_ENUM_CONVERSION = YES;
				CLANG_WARN_INT_CONVERSION = YES;
				CLANG_WARN_OBJC_ROOT_CLASS = YES_ERROR;
				CLANG_WARN_UNREACHABLE_CODE = YES;
				CLANG_WARN__DUPLICATE_METHOD_MATCH = YES;
				"CODE_SIGN_IDENTITY[sdk=iphoneos*]" = "iPhone Developer";
				COPY_PHASE_STRIP = NO;
				DEBUG_INFORMATION_FORMAT = "dwarf-with-dsym";
				ENABLE_NS_ASSERTIONS = NO;
				ENABLE_STRICT_OBJC_MSGSEND = YES;
				GCC_C_LANGUAGE_STANDARD = gnu99;
				GCC_NO_COMMON_BLOCKS = YES;
				GCC_WARN_64_TO_32_BIT_CONVERSION = YES;
				GCC_WARN_ABOUT_RETURN_TYPE = YES_ERROR;
				GCC_WARN_UNDECLARED_SELECTOR = YES;
				GCC_WARN_UNINITIALIZED_AUTOS = YES_AGGRESSIVE;
				GCC_WARN_UNUSED_FUNCTION = YES;
				GCC_WARN_UNUSED_VARIABLE = YES;
				IPHONEOS_DEPLOYMENT_TARGET = 8.3;
				MTL_ENABLE_DEBUG_INFO = NO;
				SDKROOT = iphoneos;
				VALIDATE_PRODUCT = YES;
			};
			name = Release;
		};
		AC7CD7BA1B0DD2AC000BE085 /* Debug */ = {
			isa = XCBuildConfiguration;
			buildSettings = {
				ASSETCATALOG_COMPILER_APPICON_NAME = AppIcon;
				INFOPLIST_FILE = NewsAPP/Info.plist;
				LD_RUNPATH_SEARCH_PATHS = "$(inherited) @executable_path/Frameworks";
				PRODUCT_NAME = "$(TARGET_NAME)";
			};
			name = Debug;
		};
		AC7CD7BB1B0DD2AC000BE085 /* Release */ = {
			isa = XCBuildConfiguration;
			buildSettings = {
				ASSETCATALOG_COMPILER_APPICON_NAME = AppIcon;
				INFOPLIST_FILE = NewsAPP/Info.plist;
				LD_RUNPATH_SEARCH_PATHS = "$(inherited) @executable_path/Frameworks";
				PRODUCT_NAME = "$(TARGET_NAME)";
			};
			name = Release;
		};
		AC7CD7BD1B0DD2AC000BE085 /* Debug */ = {
			isa = XCBuildConfiguration;
			buildSettings = {
				BUNDLE_LOADER = "$(TEST_HOST)";
				FRAMEWORK_SEARCH_PATHS = (
					"$(SDKROOT)/Developer/Library/Frameworks",
					"$(inherited)",
				);
				GCC_PREPROCESSOR_DEFINITIONS = (
					"DEBUG=1",
					"$(inherited)",
				);
				INFOPLIST_FILE = NewsAPPTests/Info.plist;
				LD_RUNPATH_SEARCH_PATHS = "$(inherited) @executable_path/Frameworks @loader_path/Frameworks";
				PRODUCT_NAME = "$(TARGET_NAME)";
				TEST_HOST = "$(BUILT_PRODUCTS_DIR)/NewsAPP.app/NewsAPP";
			};
			name = Debug;
		};
		AC7CD7BE1B0DD2AC000BE085 /* Release */ = {
			isa = XCBuildConfiguration;
			buildSettings = {
				BUNDLE_LOADER = "$(TEST_HOST)";
				FRAMEWORK_SEARCH_PATHS = (
					"$(SDKROOT)/Developer/Library/Frameworks",
					"$(inherited)",
				);
				INFOPLIST_FILE = NewsAPPTests/Info.plist;
				LD_RUNPATH_SEARCH_PATHS = "$(inherited) @executable_path/Frameworks @loader_path/Frameworks";
				PRODUCT_NAME = "$(TARGET_NAME)";
				TEST_HOST = "$(BUILT_PRODUCTS_DIR)/NewsAPP.app/NewsAPP";
			};
			name = Release;
		};
/* End XCBuildConfiguration section */

/* Begin XCConfigurationList section */
		AC7CD7951B0DD2AC000BE085 /* Build configuration list for PBXProject "NewsAPP" */ = {
			isa = XCConfigurationList;
			buildConfigurations = (
				AC7CD7B71B0DD2AC000BE085 /* Debug */,
				AC7CD7B81B0DD2AC000BE085 /* Release */,
			);
			defaultConfigurationIsVisible = 0;
			defaultConfigurationName = Release;
		};
		AC7CD7B91B0DD2AC000BE085 /* Build configuration list for PBXNativeTarget "NewsAPP" */ = {
			isa = XCConfigurationList;
			buildConfigurations = (
				AC7CD7BA1B0DD2AC000BE085 /* Debug */,
				AC7CD7BB1B0DD2AC000BE085 /* Release */,
			);
			defaultConfigurationIsVisible = 0;
		};
		AC7CD7BC1B0DD2AC000BE085 /* Build configuration list for PBXNativeTarget "NewsAPPTests" */ = {
			isa = XCConfigurationList;
			buildConfigurations = (
				AC7CD7BD1B0DD2AC000BE085 /* Debug */,
				AC7CD7BE1B0DD2AC000BE085 /* Release */,
			);
			defaultConfigurationIsVisible = 0;
		};
/* End XCConfigurationList section */
	};
	rootObject = AC7CD7921B0DD2AC000BE085 /* Project object */;
}
